
Microsoft Visual Studio Solution File, Format Version 12.00
# Visual Studio Version 17
VisualStudioVersion = 17.10.34928.147
MinimumVisualStudioVersion = 10.0.40219.1
Project("{00D1A9C2-B5F0-4AF3-8072-F6C62B433612}") = "AdventureWorks2019", "AdventureWorks2019\AdventureWorks2019.sqlproj", "{F18C135D-8AF5-4C8A-AD19-E108557B92BB}"
EndProject
Global
	GlobalSection(SolutionConfigurationPlatforms) = preSolution
		Debug|Any CPU = Debug|Any CPU
		Release|Any CPU = Release|Any CPU
	EndGlobalSection
	GlobalSection(ProjectConfigurationPlatforms) = postSolution
		{F18C135D-8AF5-4C8A-AD19-E108557B92BB}.Debug|Any CPU.ActiveCfg = Debug|Any CPU
		{F18C135D-8AF5-4C8A-AD19-E108557B92BB}.Debug|Any CPU.Build.0 = Debug|Any CPU
		{F18C135D-8AF5-4C8A-AD19-E108557B92BB}.Debug|Any CPU.Deploy.0 = Debug|Any CPU
		{F18C135D-8AF5-4C8A-AD19-E108557B92BB}.Release|Any CPU.ActiveCfg = Release|Any CPU
		{F18C135D-8AF5-4C8A-AD19-E108557B92BB}.Release|Any CPU.Build.0 = Release|Any CPU
		{F18C135D-8AF5-4C8A-AD19-E108557B92BB}.Release|Any CPU.Deploy.0 = Release|Any CPU
	EndGlobalSection
	GlobalSection(SolutionProperties) = preSolution
		HideSolutionNode = FALSE
	EndGlobalSection
	GlobalSection(ExtensibilityGlobals) = postSolution
		SolutionGuid = {B02C3D9E-6323-461D-A280-65313C311AA4}
	EndGlobalSection
EndGlobal
